
Microsoft Visual Studio Solution File, Format Version 12.00
# Visual Studio Version 17
VisualStudioVersion = 17.8.34511.84
MinimumVisualStudioVersion = 10.0.40219.1
Project("{9A19103F-16F7-4668-BE54-9A1E7A4F7556}") = "ShopApi.Common", "ShopApi.Common\ShopApi.Common.csproj", "{A285FE9C-3D9F-497D-9E7C-5F323EB9E04F}"
EndProject
Project("{9A19103F-16F7-4668-BE54-9A1E7A4F7556}") = "ShopApi.Data", "ShopApi.Data\ShopApi.Data.csproj", "{CEBD981E-B5C4-4FE0-8108-1BF88207FB97}"
EndProject
Project("{9A19103F-16F7-4668-BE54-9A1E7A4F7556}") = "ShopApi.Model", "ShopApi.Model\ShopApi.Model.csproj", "{74DD039D-A4B5-4E0C-A424-1EA4DCCF8298}"
EndProject
Project("{9A19103F-16F7-4668-BE54-9A1E7A4F7556}") = "ShopApi.Service", "ShopApi.Service\ShopApi.Service.csproj", "{47DB51D8-A9D9-462E-B2E7-6D3F9076F91E}"
EndProject
Project("{9A19103F-16F7-4668-BE54-9A1E7A4F7556}") = "ShopApi.UnitTest", "ShopApi.UnitTest\ShopApi.UnitTest.csproj", "{E90D1AAE-8119-4C60-94B9-BD5046DE447A}"
EndProject
Project("{9A19103F-16F7-4668-BE54-9A1E7A4F7556}") = "WebApiCore", "WebApiCore\WebApiCore.csproj", "{BAA5FAC2-CD9C-45A7-8CFC-D20FA143FC43}"
EndProject
Project("{2150E333-8FDC-42A3-9474-1A3956D46DE8}") = "Solution Items", "Solution Items", "{DF519E01-BF9D-4FE7-8A17-204B3A840519}"
	ProjectSection(SolutionItems) = preProject
		.gitignore = .gitignore
	EndProjectSection
EndProject
Global
	GlobalSection(SolutionConfigurationPlatforms) = preSolution
		Debug|Any CPU = Debug|Any CPU
		Release|Any CPU = Release|Any CPU
	EndGlobalSection
	GlobalSection(ProjectConfigurationPlatforms) = postSolution
		{A285FE9C-3D9F-497D-9E7C-5F323EB9E04F}.Debug|Any CPU.ActiveCfg = Debug|Any CPU
		{A285FE9C-3D9F-497D-9E7C-5F323EB9E04F}.Debug|Any CPU.Build.0 = Debug|Any CPU
		{A285FE9C-3D9F-497D-9E7C-5F323EB9E04F}.Release|Any CPU.ActiveCfg = Release|Any CPU
		{A285FE9C-3D9F-497D-9E7C-5F323EB9E04F}.Release|Any CPU.Build.0 = Release|Any CPU
		{CEBD981E-B5C4-4FE0-8108-1BF88207FB97}.Debug|Any CPU.ActiveCfg = Debug|Any CPU
		{CEBD981E-B5C4-4FE0-8108-1BF88207FB97}.Debug|Any CPU.Build.0 = Debug|Any CPU
		{CEBD981E-B5C4-4FE0-8108-1BF88207FB97}.Release|Any CPU.ActiveCfg = Release|Any CPU
		{CEBD981E-B5C4-4FE0-8108-1BF88207FB97}.Release|Any CPU.Build.0 = Release|Any CPU
		{74DD039D-A4B5-4E0C-A424-1EA4DCCF8298}.Debug|Any CPU.ActiveCfg = Debug|Any CPU
		{74DD039D-A4B5-4E0C-A424-1EA4DCCF8298}.Debug|Any CPU.Build.0 = Debug|Any CPU
		{74DD039D-A4B5-4E0C-A424-1EA4DCCF8298}.Release|Any CPU.ActiveCfg = Release|Any CPU
		{74DD039D-A4B5-4E0C-A424-1EA4DCCF8298}.Release|Any CPU.Build.0 = Release|Any CPU
		{47DB51D8-A9D9-462E-B2E7-6D3F9076F91E}.Debug|Any CPU.ActiveCfg = Debug|Any CPU
		{47DB51D8-A9D9-462E-B2E7-6D3F9076F91E}.Debug|Any CPU.Build.0 = Debug|Any CPU
		{47DB51D8-A9D9-462E-B2E7-6D3F9076F91E}.Release|Any CPU.ActiveCfg = Release|Any CPU
		{47DB51D8-A9D9-462E-B2E7-6D3F9076F91E}.Release|Any CPU.Build.0 = Release|Any CPU
		{E90D1AAE-8119-4C60-94B9-BD5046DE447A}.Debug|Any CPU.ActiveCfg = Debug|Any CPU
		{E90D1AAE-8119-4C60-94B9-BD5046DE447A}.Debug|Any CPU.Build.0 = Debug|Any CPU
		{E90D1AAE-8119-4C60-94B9-BD5046DE447A}.Release|Any CPU.ActiveCfg = Release|Any CPU
		{E90D1AAE-8119-4C60-94B9-BD5046DE447A}.Release|Any CPU.Build.0 = Release|Any CPU
		{BAA5FAC2-CD9C-45A7-8CFC-D20FA143FC43}.Debug|Any CPU.ActiveCfg = Debug|Any CPU
		{BAA5FAC2-CD9C-45A7-8CFC-D20FA143FC43}.Debug|Any CPU.Build.0 = Debug|Any CPU
		{BAA5FAC2-CD9C-45A7-8CFC-D20FA143FC43}.Release|Any CPU.ActiveCfg = Release|Any CPU
		{BAA5FAC2-CD9C-45A7-8CFC-D20FA143FC43}.Release|Any CPU.Build.0 = Release|Any CPU
	EndGlobalSection
	GlobalSection(SolutionProperties) = preSolution
		HideSolutionNode = FALSE
	EndGlobalSection
	GlobalSection(ExtensibilityGlobals) = postSolution
		SolutionGuid = {B7FA190C-AE63-4C87-AB94-A26D76751EBE}
	EndGlobalSection
EndGlobal
